
Microsoft Visual Studio Solution File, Format Version 12.00
# Visual Studio Version 16
VisualStudioVersion = 16.0.29613.14
MinimumVisualStudioVersion = 10.0.40219.1
Project("{9A19103F-16F7-4668-BE54-9A1E7A4F7556}") = "OliBot", "OliBot\OliBot.csproj", "{00DF1686-9FBD-40FF-B8FE-3F2F905FA012}"
EndProject
Project("{9A19103F-16F7-4668-BE54-9A1E7A4F7556}") = "Common", "Common\Common.csproj", "{AB856191-B01F-4AAC-9A69-7C49C2F26A9A}"
EndProject
Global
	GlobalSection(SolutionConfigurationPlatforms) = preSolution
		Debug|Any CPU = Debug|Any CPU
		Release|Any CPU = Release|Any CPU
	EndGlobalSection
	GlobalSection(ProjectConfigurationPlatforms) = postSolution
		{00DF1686-9FBD-40FF-B8FE-3F2F905FA012}.Debug|Any CPU.ActiveCfg = Debug|Any CPU
		{00DF1686-9FBD-40FF-B8FE-3F2F905FA012}.Debug|Any CPU.Build.0 = Debug|Any CPU
		{00DF1686-9FBD-40FF-B8FE-3F2F905FA012}.Release|Any CPU.ActiveCfg = Release|Any CPU
		{00DF1686-9FBD-40FF-B8FE-3F2F905FA012}.Release|Any CPU.Build.0 = Release|Any CPU
		{AB856191-B01F-4AAC-9A69-7C49C2F26A9A}.Debug|Any CPU.ActiveCfg = Debug|Any CPU
		{AB856191-B01F-4AAC-9A69-7C49C2F26A9A}.Debug|Any CPU.Build.0 = Debug|Any CPU
		{AB856191-B01F-4AAC-9A69-7C49C2F26A9A}.Release|Any CPU.ActiveCfg = Release|Any CPU
		{AB856191-B01F-4AAC-9A69-7C49C2F26A9A}.Release|Any CPU.Build.0 = Release|Any CPU
	EndGlobalSection
	GlobalSection(SolutionProperties) = preSolution
		HideSolutionNode = FALSE
	EndGlobalSection
	GlobalSection(ExtensibilityGlobals) = postSolution
		SolutionGuid = {EEC69BCB-37BD-4835-BCEF-01588883905C}
	EndGlobalSection
EndGlobal
